
Microsoft Visual Studio Solution File, Format Version 12.00
# Visual Studio 15
VisualStudioVersion = 15.0.28307.421
MinimumVisualStudioVersion = 10.0.40219.1
Project("{FAE04EC0-301F-11D3-BF4B-00C04F79EFBC}") = "SolicitacaoServico", "SolicitacaoServico\SolicitacaoServico.csproj", "{A8DCABE3-7FAB-487C-B5A6-A4C08EF3EE76}"
EndProject
Project("{FAE04EC0-301F-11D3-BF4B-00C04F79EFBC}") = "Domain", "Domain\Domain.csproj", "{48608036-13B6-4532-952B-0A34922C15BB}"
EndProject
Project("{FAE04EC0-301F-11D3-BF4B-00C04F79EFBC}") = "Repository", "Repository\Repository.csproj", "{C586AA8F-FF2B-4964-BB5B-82671B7DD425}"
EndProject
Global
	GlobalSection(SolutionConfigurationPlatforms) = preSolution
		Debug|Any CPU = Debug|Any CPU
		Release|Any CPU = Release|Any CPU
	EndGlobalSection
	GlobalSection(ProjectConfigurationPlatforms) = postSolution
		{A8DCABE3-7FAB-487C-B5A6-A4C08EF3EE76}.Debug|Any CPU.ActiveCfg = Debug|Any CPU
		{A8DCABE3-7FAB-487C-B5A6-A4C08EF3EE76}.Debug|Any CPU.Build.0 = Debug|Any CPU
		{A8DCABE3-7FAB-487C-B5A6-A4C08EF3EE76}.Release|Any CPU.ActiveCfg = Release|Any CPU
		{A8DCABE3-7FAB-487C-B5A6-A4C08EF3EE76}.Release|Any CPU.Build.0 = Release|Any CPU
		{48608036-13B6-4532-952B-0A34922C15BB}.Debug|Any CPU.ActiveCfg = Debug|Any CPU
		{48608036-13B6-4532-952B-0A34922C15BB}.Debug|Any CPU.Build.0 = Debug|Any CPU
		{48608036-13B6-4532-952B-0A34922C15BB}.Release|Any CPU.ActiveCfg = Release|Any CPU
		{48608036-13B6-4532-952B-0A34922C15BB}.Release|Any CPU.Build.0 = Release|Any CPU
		{C586AA8F-FF2B-4964-BB5B-82671B7DD425}.Debug|Any CPU.ActiveCfg = Debug|Any CPU
		{C586AA8F-FF2B-4964-BB5B-82671B7DD425}.Debug|Any CPU.Build.0 = Debug|Any CPU
		{C586AA8F-FF2B-4964-BB5B-82671B7DD425}.Release|Any CPU.ActiveCfg = Release|Any CPU
		{C586AA8F-FF2B-4964-BB5B-82671B7DD425}.Release|Any CPU.Build.0 = Release|Any CPU
	EndGlobalSection
	GlobalSection(SolutionProperties) = preSolution
		HideSolutionNode = FALSE
	EndGlobalSection
	GlobalSection(ExtensibilityGlobals) = postSolution
		SolutionGuid = {AB528D38-E874-4177-94E3-DC1401CA2846}
	EndGlobalSection
EndGlobal
